{
  "name": "workspace",
  "lockfileVersion": 3,
  "requires": true,
  "packages": {
    "": {
      "dependencies": {
        "@openfonts/noto-serif-sc_chinese-simplified": "^1.44.2"
      }
    },
    "node_modules/@openfonts/noto-serif-sc_chinese-simplified": {
      "version": "1.44.2",
      "resolved": "https://registry.npmjs.org/@openfonts/noto-serif-sc_chinese-simplified/-/noto-serif-sc_chinese-simplified-1.44.2.tgz",
      "integrity": "sha512-YbDHMAJtdfGjnPcf6/T4S3A2BOLSmysLQ1qcJKPMJsF+i20uKRE1dfQRpN1apd4smVy3iUcFgULROFeMIPNpmA==",
      "license": "MIT"
    }
  }
}
